
Microsoft Visual Studio Solution File, Format Version 12.00
# Visual Studio Version 17
VisualStudioVersion = 17.0.32014.148
MinimumVisualStudioVersion = 10.0.40219.1
Project("{FAE04EC0-301F-11D3-BF4B-00C04F79EFBC}") = "TaskGame", "TaskGame\TaskGame.csproj", "{9CAA9F9D-37E6-4B4A-8FAF-FBE2A54CC3FB}"
EndProject
Global
	GlobalSection(SolutionConfigurationPlatforms) = preSolution
		Debug|Any CPU = Debug|Any CPU
		Release|Any CPU = Release|Any CPU
	EndGlobalSection
	GlobalSection(ProjectConfigurationPlatforms) = postSolution
		{9CAA9F9D-37E6-4B4A-8FAF-FBE2A54CC3FB}.Debug|Any CPU.ActiveCfg = Debug|Any CPU
		{9CAA9F9D-37E6-4B4A-8FAF-FBE2A54CC3FB}.Debug|Any CPU.Build.0 = Debug|Any CPU
		{9CAA9F9D-37E6-4B4A-8FAF-FBE2A54CC3FB}.Release|Any CPU.ActiveCfg = Release|Any CPU
		{9CAA9F9D-37E6-4B4A-8FAF-FBE2A54CC3FB}.Release|Any CPU.Build.0 = Release|Any CPU
	EndGlobalSection
	GlobalSection(SolutionProperties) = preSolution
		HideSolutionNode = FALSE
	EndGlobalSection
	GlobalSection(ExtensibilityGlobals) = postSolution
		SolutionGuid = {17F6C10E-3376-4E02-A6F5-48EB88092190}
	EndGlobalSection
EndGlobal
